dependencies:
- name: manifest-storage-service-chart
  repository: oci://quay.io/sbomer
  version: 0.1.15
- name: sbom-service-chart
  repository: oci://quay.io/sbomer
  version: 0.1.25
- name: syft-generator-chart
  repository: oci://quay.io/sbomer
  version: 0.1.16
- name: java-generator-chart
  repository: oci://quay.io/sbomer
  version: 0.1.2
- name: dela-generator-chart
  repository: oci://quay.io/sbomer
  version: 0.1.1
- name: ui-chart
  repository: oci://quay.io/sbomer
  version: 0.1.43
- name: dtrack-publisher-chart
  repository: oci://quay.io/sbomer
  version: 0.1.3
- name: dependency-track
  repository: https://dependencytrack.github.io/helm-charts
  version: 0.41.0
digest: sha256:594b5d9384e151cc9499edae69ffe5f56c123f2191c37f2710c96503acfbc501
generated: "2026-04-15T09:17:22.805291+02:00"
