dependencies:
- name: manifest-storage-service-chart
  repository: oci://quay.io/sbomer
  version: 0.1.16
- name: sbom-service-chart
  repository: oci://quay.io/sbomer
  version: 0.1.27
- name: syft-generator-chart
  repository: oci://quay.io/sbomer
  version: 0.1.19
- name: java-generator-chart
  repository: oci://quay.io/sbomer
  version: 0.1.4
- name: dela-generator-chart
  repository: oci://quay.io/sbomer
  version: 0.1.1
- name: pnc-generator-chart
  repository: oci://quay.io/sbomer
  version: 0.1.2
- name: ui-chart
  repository: oci://quay.io/sbomer
  version: 0.1.62
- name: dtrack-publisher-chart
  repository: oci://quay.io/sbomer
  version: 0.1.3
- name: dependency-track
  repository: https://dependencytrack.github.io/helm-charts
  version: 0.41.0
digest: sha256:b9d5ede1735d92ac8f301165652c33ccb3b7cad75d89fc494ce8d3e4d5fce4b6
generated: "2026-05-08T02:53:09.239732985Z"
